
Microsoft Visual Studio Solution File, Format Version 12.00
# Visual Studio Version 17
VisualStudioVersion = 17.10.35122.118
MinimumVisualStudioVersion = 10.0.40219.1
Project("{FAE04EC0-301F-11D3-BF4B-00C04F79EFBC}") = "ReviewWishlistMicroService", "ReviewWishlistMicroService.csproj", "{798BCEA3-1244-4A8A-854E-02BB5E030CD5}"
EndProject
Global
	GlobalSection(SolutionConfigurationPlatforms) = preSolution
		Debug|Any CPU = Debug|Any CPU
		Release|Any CPU = Release|Any CPU
	EndGlobalSection
	GlobalSection(ProjectConfigurationPlatforms) = postSolution
		{798BCEA3-1244-4A8A-854E-02BB5E030CD5}.Debug|Any CPU.ActiveCfg = Debug|Any CPU
		{798BCEA3-1244-4A8A-854E-02BB5E030CD5}.Debug|Any CPU.Build.0 = Debug|Any CPU
		{798BCEA3-1244-4A8A-854E-02BB5E030CD5}.Release|Any CPU.ActiveCfg = Release|Any CPU
		{798BCEA3-1244-4A8A-854E-02BB5E030CD5}.Release|Any CPU.Build.0 = Release|Any CPU
	EndGlobalSection
	GlobalSection(SolutionProperties) = preSolution
		HideSolutionNode = FALSE
	EndGlobalSection
	GlobalSection(ExtensibilityGlobals) = postSolution
		SolutionGuid = {D7B3B74B-480C-44EF-8FFF-DF36E49C4DF0}
	EndGlobalSection
EndGlobal
