
Microsoft Visual Studio Solution File, Format Version 12.00
# Visual Studio Version 17
VisualStudioVersion = 17.10.35122.118
MinimumVisualStudioVersion = 10.0.40219.1
Project("{FAE04EC0-301F-11D3-BF4B-00C04F79EFBC}") = "Apigateway", "Apigateway.csproj", "{28EEC10E-72A1-4BCE-9B05-574BA67DA985}"
EndProject
Global
	GlobalSection(SolutionConfigurationPlatforms) = preSolution
		Debug|Any CPU = Debug|Any CPU
		Release|Any CPU = Release|Any CPU
	EndGlobalSection
	GlobalSection(ProjectConfigurationPlatforms) = postSolution
		{28EEC10E-72A1-4BCE-9B05-574BA67DA985}.Debug|Any CPU.ActiveCfg = Debug|Any CPU
		{28EEC10E-72A1-4BCE-9B05-574BA67DA985}.Debug|Any CPU.Build.0 = Debug|Any CPU
		{28EEC10E-72A1-4BCE-9B05-574BA67DA985}.Release|Any CPU.ActiveCfg = Release|Any CPU
		{28EEC10E-72A1-4BCE-9B05-574BA67DA985}.Release|Any CPU.Build.0 = Release|Any CPU
	EndGlobalSection
	GlobalSection(SolutionProperties) = preSolution
		HideSolutionNode = FALSE
	EndGlobalSection
	GlobalSection(ExtensibilityGlobals) = postSolution
		SolutionGuid = {BBD1F95A-DB88-40ED-88B0-7B5EBC1F7DE2}
	EndGlobalSection
EndGlobal
